
Microsoft Visual Studio Solution File, Format Version 12.00
# Visual Studio Version 17
VisualStudioVersion = 17.4.33122.133
MinimumVisualStudioVersion = 10.0.40219.1
Project("{FAE04EC0-301F-11D3-BF4B-00C04F79EFBC}") = "TestProject6", "TestProject6\TestProject6.csproj", "{D7437EC6-E3C2-4124-88ED-0C3AFF387894}"
EndProject
Global
	GlobalSection(SolutionConfigurationPlatforms) = preSolution
		Debug|Any CPU = Debug|Any CPU
		Release|Any CPU = Release|Any CPU
	EndGlobalSection
	GlobalSection(ProjectConfigurationPlatforms) = postSolution
		{D7437EC6-E3C2-4124-88ED-0C3AFF387894}.Debug|Any CPU.ActiveCfg = Debug|Any CPU
		{D7437EC6-E3C2-4124-88ED-0C3AFF387894}.Debug|Any CPU.Build.0 = Debug|Any CPU
		{D7437EC6-E3C2-4124-88ED-0C3AFF387894}.Release|Any CPU.ActiveCfg = Release|Any CPU
		{D7437EC6-E3C2-4124-88ED-0C3AFF387894}.Release|Any CPU.Build.0 = Release|Any CPU
	EndGlobalSection
	GlobalSection(SolutionProperties) = preSolution
		HideSolutionNode = FALSE
	EndGlobalSection
	GlobalSection(ExtensibilityGlobals) = postSolution
		SolutionGuid = {55DA1E92-69A6-4075-A55A-015827A074CC}
	EndGlobalSection
EndGlobal
